
Microsoft Visual Studio Solution File, Format Version 12.00
# Visual Studio 14
VisualStudioVersion = 14.0.25420.1
MinimumVisualStudioVersion = 10.0.40219.1
Project("{FAE04EC0-301F-11D3-BF4B-00C04F79EFBC}") = "BanHang_DaoNgocHai", "BanHang_DaoNgocHai\BanHang_DaoNgocHai.csproj", "{DE6FE569-7B27-406C-87D7-4E8A4D3EAC86}"
EndProject
Project("{FAE04EC0-301F-11D3-BF4B-00C04F79EFBC}") = "BanHang_Admin", "BanHang_Admin\BanHang_Admin.csproj", "{AABAE98B-D5DA-4089-AB95-36A44A680DA4}"
EndProject
Global
	GlobalSection(SolutionConfigurationPlatforms) = preSolution
		Debug|Any CPU = Debug|Any CPU
		Release|Any CPU = Release|Any CPU
	EndGlobalSection
	GlobalSection(ProjectConfigurationPlatforms) = postSolution
		{DE6FE569-7B27-406C-87D7-4E8A4D3EAC86}.Debug|Any CPU.ActiveCfg = Debug|Any CPU
		{DE6FE569-7B27-406C-87D7-4E8A4D3EAC86}.Debug|Any CPU.Build.0 = Debug|Any CPU
		{DE6FE569-7B27-406C-87D7-4E8A4D3EAC86}.Release|Any CPU.ActiveCfg = Release|Any CPU
		{DE6FE569-7B27-406C-87D7-4E8A4D3EAC86}.Release|Any CPU.Build.0 = Release|Any CPU
		{AABAE98B-D5DA-4089-AB95-36A44A680DA4}.Debug|Any CPU.ActiveCfg = Debug|Any CPU
		{AABAE98B-D5DA-4089-AB95-36A44A680DA4}.Debug|Any CPU.Build.0 = Debug|Any CPU
		{AABAE98B-D5DA-4089-AB95-36A44A680DA4}.Release|Any CPU.ActiveCfg = Release|Any CPU
		{AABAE98B-D5DA-4089-AB95-36A44A680DA4}.Release|Any CPU.Build.0 = Release|Any CPU
	EndGlobalSection
	GlobalSection(SolutionProperties) = preSolution
		HideSolutionNode = FALSE
	EndGlobalSection
EndGlobal
